{
  "name": "open-location-code-demo",
  "version": "1.0.0",
  "lockfileVersion": 1,
  "requires": true,
  "dependencies": {
    "open-location-code": {
      "version": "1.0.3",
      "resolved": "https://registry.npmjs.org/open-location-code/-/open-location-code-1.0.3.tgz",
      "integrity": "sha1-XqGjTuUiHGyvoEOS4b2Qb9dIj34=",
      "optional": true
    }
  }
}
